
Microsoft Visual Studio Solution File, Format Version 12.00
# Visual Studio Version 17
VisualStudioVersion = 17.11.35312.102
MinimumVisualStudioVersion = 10.0.40219.1
Project("{FAE04EC0-301F-11D3-BF4B-00C04F79EFBC}") = "WordHyperlinkFixer", "WordHyperlinkFixer\WordHyperlinkFixer.csproj", "{6072E278-5314-410B-A3D6-332AB7D75F0D}"
EndProject
Global
	GlobalSection(SolutionConfigurationPlatforms) = preSolution
		Debug|Any CPU = Debug|Any CPU
		Release|Any CPU = Release|Any CPU
	EndGlobalSection
	GlobalSection(ProjectConfigurationPlatforms) = postSolution
		{6072E278-5314-410B-A3D6-332AB7D75F0D}.Debug|Any CPU.ActiveCfg = Debug|Any CPU
		{6072E278-5314-410B-A3D6-332AB7D75F0D}.Debug|Any CPU.Build.0 = Debug|Any CPU
		{6072E278-5314-410B-A3D6-332AB7D75F0D}.Release|Any CPU.ActiveCfg = Release|Any CPU
		{6072E278-5314-410B-A3D6-332AB7D75F0D}.Release|Any CPU.Build.0 = Release|Any CPU
	EndGlobalSection
	GlobalSection(SolutionProperties) = preSolution
		HideSolutionNode = FALSE
	EndGlobalSection
	GlobalSection(ExtensibilityGlobals) = postSolution
		SolutionGuid = {F38AC589-D52C-40C6-B843-F999C7215011}
	EndGlobalSection
EndGlobal
